// !$*UTF8*$!
{
	archiveVersion = 1;
	classes = {
	};
	objectVersion = 51;
	objects = {

/* Begin PBXBuildFile section */
		9811A656AB98C05E8645F0A3 /* Pods_Doughy_Tests.framework in Frameworks */ = {isa = PBXBuildFile; fileRef = 1CCB99E947EAFEB2F90A6DEC /* Pods_Doughy_Tests.framework */; };
		988EE0764C624091724AD0C7 /* Pods_Doughy.framework in Frameworks */ = {isa = PBXBuildFile; fileRef = 6AB8C4EC3E1302B4C836AC25 /* Pods_Doughy.framework */; };
		BB06F1732425F5F0001A03AD /* ObjectFactory.swift in Sources */ = {isa = PBXBuildFile; fileRef = BB06F1722425F5F0001A03AD /* ObjectFactory.swift */; };
		BB06F1752425F681001A03AD /* CoreDataGateway.swift in Sources */ = {isa = PBXBuildFile; fileRef = BB06F1742425F681001A03AD /* CoreDataGateway.swift */; };
		BB06F1772425FAE6001A03AD /* RecipeReader.swift in Sources */ = {isa = PBXBuildFile; fileRef = BB06F1762425FAE6001A03AD /* RecipeReader.swift */; };
		BB30DED02425B83E00BFD472 /* AppDelegate.swift in Sources */ = {isa = PBXBuildFile; fileRef = BB30DECF2425B83E00BFD472 /* AppDelegate.swift */; };
		BB30DED22425B83E00BFD472 /* SceneDelegate.swift in Sources */ = {isa = PBXBuildFile; fileRef = BB30DED12425B83E00BFD472 /* SceneDelegate.swift */; };
		BB30DED42425B83E00BFD472 /* CalculatorViewController.swift in Sources */ = {isa = PBXBuildFile; fileRef = BB30DED32425B83E00BFD472 /* CalculatorViewController.swift */; };
		BB30DED72425B83E00BFD472 /* Main.storyboard in Resources */ = {isa = PBXBuildFile; fileRef = BB30DED52425B83E00BFD472 /* Main.storyboard */; };
		BB30DEDA2425B83E00BFD472 /* Doughy.xcdatamodeld in Sources */ = {isa = PBXBuildFile; fileRef = BB30DED82425B83E00BFD472 /* Doughy.xcdatamodeld */; };
		BB30DEDC2425B83F00BFD472 /* Assets.xcassets in Resources */ = {isa = PBXBuildFile; fileRef = BB30DEDB2425B83F00BFD472 /* Assets.xcassets */; };
		BB30DEDF2425B83F00BFD472 /* LaunchScreen.storyboard in Resources */ = {isa = PBXBuildFile; fileRef = BB30DEDD2425B83F00BFD472 /* LaunchScreen.storyboard */; };
		BB30DEEA2425B83F00BFD472 /* Recipe_HelperTests.swift in Sources */ = {isa = PBXBuildFile; fileRef = BB30DEE92425B83F00BFD472 /* Recipe_HelperTests.swift */; };
		BB30DEF72425BD2900BFD472 /* RecipeWriter.swift in Sources */ = {isa = PBXBuildFile; fileRef = BB30DEF62425BD2900BFD472 /* RecipeWriter.swift */; };
		BB30DEFA2425C05B00BFD472 /* PercentRow.swift in Sources */ = {isa = PBXBuildFile; fileRef = BB30DEF92425C05B00BFD472 /* PercentRow.swift */; };
		BB30DEFD2425D24900BFD472 /* Calculator.swift in Sources */ = {isa = PBXBuildFile; fileRef = BB30DEFC2425D24900BFD472 /* Calculator.swift */; };
		BB30DEFF2425E1B700BFD472 /* Measurements.swift in Sources */ = {isa = PBXBuildFile; fileRef = BB30DEFE2425E1B700BFD472 /* Measurements.swift */; };
		BB30DF012425EBA000BFD472 /* AllRecipesTableViewController.swift in Sources */ = {isa = PBXBuildFile; fileRef = BB30DF002425EBA000BFD472 /* AllRecipesTableViewController.swift */; };
		BB30DF042425EBE900BFD472 /* RecipeDetailCell.swift in Sources */ = {isa = PBXBuildFile; fileRef = BB30DF032425EBE900BFD472 /* RecipeDetailCell.swift */; };
		BB30DF062425EC0E00BFD472 /* RecipeViewModel.swift in Sources */ = {isa = PBXBuildFile; fileRef = BB30DF052425EC0E00BFD472 /* RecipeViewModel.swift */; };
		BB30DF092425EC3000BFD472 /* Settings.swift in Sources */ = {isa = PBXBuildFile; fileRef = BB30DF082425EC3000BFD472 /* Settings.swift */; };
		BB30DF0B2425ECFB00BFD472 /* RecipeCollection.swift in Sources */ = {isa = PBXBuildFile; fileRef = BB30DF0A2425ECFB00BFD472 /* RecipeCollection.swift */; };
		BB45FCF1243444170077C3F8 /* AddInstructionsAltViewController.swift in Sources */ = {isa = PBXBuildFile; fileRef = BB45FCF0243444170077C3F8 /* AddInstructionsAltViewController.swift */; };
		BB45FCF4243444940077C3F8 /* TextViewTableViewCell.swift in Sources */ = {isa = PBXBuildFile; fileRef = BB45FCF3243444940077C3F8 /* TextViewTableViewCell.swift */; };
		BB4AA19E24275659002BB9A8 /* CalculatedRecipeCellFactory.swift in Sources */ = {isa = PBXBuildFile; fileRef = BB4AA19D24275659002BB9A8 /* CalculatedRecipeCellFactory.swift */; };
		BB4AA1A0242821FB002BB9A8 /* InstructionListCell.swift in Sources */ = {isa = PBXBuildFile; fileRef = BB4AA19F242821FB002BB9A8 /* InstructionListCell.swift */; };
		BB4AA1A224282A66002BB9A8 /* IngredientListCell.swift in Sources */ = {isa = PBXBuildFile; fileRef = BB4AA1A124282A66002BB9A8 /* IngredientListCell.swift */; };
		BB6152122425FD06006CB854 /* DefaultRecipeFactory.swift in Sources */ = {isa = PBXBuildFile; fileRef = BB6152112425FD06006CB854 /* DefaultRecipeFactory.swift */; };
		BB61521424274B50006CB854 /* ShowCalculatedRecipeBaseViewController.swift in Sources */ = {isa = PBXBuildFile; fileRef = BB61521324274B50006CB854 /* ShowCalculatedRecipeBaseViewController.swift */; };
		BB70410524344C9500933C08 /* AddStepCell.swift in Sources */ = {isa = PBXBuildFile; fileRef = BB70410424344C9500933C08 /* AddStepCell.swift */; };
		BBC6847C24305A5000CE2157 /* PrefermentListCell.swift in Sources */ = {isa = PBXBuildFile; fileRef = BBC6847B24305A5000CE2157 /* PrefermentListCell.swift */; };
		BBD2641A24306F9300DF8987 /* PrefermentCell.swift in Sources */ = {isa = PBXBuildFile; fileRef = BBD2641924306F9200DF8987 /* PrefermentCell.swift */; };
		BBD2641C2430704000DF8987 /* IngredientCell.swift in Sources */ = {isa = PBXBuildFile; fileRef = BBD2641B2430704000DF8987 /* IngredientCell.swift */; };
		BBD2641E2430820E00DF8987 /* IngredientWithPrefermentListCell.swift in Sources */ = {isa = PBXBuildFile; fileRef = BBD2641D2430820E00DF8987 /* IngredientWithPrefermentListCell.swift */; };
		BBD264202430822D00DF8987 /* IngredientWithPrefermentCellTableViewCell.swift in Sources */ = {isa = PBXBuildFile; fileRef = BBD2641F2430822D00DF8987 /* IngredientWithPrefermentCellTableViewCell.swift */; };
		BBD264222431241500DF8987 /* PercentFormatter.swift in Sources */ = {isa = PBXBuildFile; fileRef = BBD264212431241500DF8987 /* PercentFormatter.swift */; };
		BBD2642424312FDD00DF8987 /* WeightFormatter.swift in Sources */ = {isa = PBXBuildFile; fileRef = BBD2642324312FDD00DF8987 /* WeightFormatter.swift */; };
		BBD26426243139C600DF8987 /* WeightRow.swift in Sources */ = {isa = PBXBuildFile; fileRef = BBD26425243139C600DF8987 /* WeightRow.swift */; };
		BBD2642824313A9E00DF8987 /* TemperatureRow.swift in Sources */ = {isa = PBXBuildFile; fileRef = BBD2642724313A9E00DF8987 /* TemperatureRow.swift */; };
		BBD2642A24313B6E00DF8987 /* TemperatureFormatter.swift in Sources */ = {isa = PBXBuildFile; fileRef = BBD2642924313B6E00DF8987 /* TemperatureFormatter.swift */; };
		BBD2642D2431487700DF8987 /* CreateRecipeViewController.swift in Sources */ = {isa = PBXBuildFile; fileRef = BBD2642C2431487700DF8987 /* CreateRecipeViewController.swift */; };
		BBD2642F24314CBE00DF8987 /* RecipeBuilder.swift in Sources */ = {isa = PBXBuildFile; fileRef = BBD2642E24314CBE00DF8987 /* RecipeBuilder.swift */; };
		BBD2643124314CD500DF8987 /* CreateRecipeNavigationController.swift in Sources */ = {isa = PBXBuildFile; fileRef = BBD2643024314CD500DF8987 /* CreateRecipeNavigationController.swift */; };
		BBD2643324314D6500DF8987 /* AlertViewHelper.swift in Sources */ = {isa = PBXBuildFile; fileRef = BBD2643224314D6500DF8987 /* AlertViewHelper.swift */; };
		BBD264352431520500DF8987 /* RecipePredicates.swift in Sources */ = {isa = PBXBuildFile; fileRef = BBD264342431520500DF8987 /* RecipePredicates.swift */; };
		BBD264372431536000DF8987 /* AddFlourViewController.swift in Sources */ = {isa = PBXBuildFile; fileRef = BBD264362431536000DF8987 /* AddFlourViewController.swift */; };
		BBD264392431536D00DF8987 /* AddNonFlourViewController.swift in Sources */ = {isa = PBXBuildFile; fileRef = BBD264382431536D00DF8987 /* AddNonFlourViewController.swift */; };
		BBD2643B2431574200DF8987 /* IngredientsBuilder.swift in Sources */ = {isa = PBXBuildFile; fileRef = BBD2643A2431574200DF8987 /* IngredientsBuilder.swift */; };
		BBD2643D24315E2900DF8987 /* AddIngredientViewController.swift in Sources */ = {isa = PBXBuildFile; fileRef = BBD2643C24315E2900DF8987 /* AddIngredientViewController.swift */; };
		BBD2643F2431619D00DF8987 /* AddInstructionsViewController.swift in Sources */ = {isa = PBXBuildFile; fileRef = BBD2643E2431619D00DF8987 /* AddInstructionsViewController.swift */; };
		BBD264432431815600DF8987 /* PreviewRecipeViewController.swift in Sources */ = {isa = PBXBuildFile; fileRef = BBD264422431815600DF8987 /* PreviewRecipeViewController.swift */; };
		BBD2644E2432E70500DF8987 /* CalculatedIngredient.swift in Sources */ = {isa = PBXBuildFile; fileRef = BBD2644C2432E70500DF8987 /* CalculatedIngredient.swift */; };
		BBD2644F2432E70500DF8987 /* Ingredient.swift in Sources */ = {isa = PBXBuildFile; fileRef = BBD2644D2432E70500DF8987 /* Ingredient.swift */; };
		BBD264512432E7A200DF8987 /* CalculatedPreferment.swift in Sources */ = {isa = PBXBuildFile; fileRef = BBD264502432E7A200DF8987 /* CalculatedPreferment.swift */; };
		BBD264532432E7FF00DF8987 /* CalculatedRecipe.swift in Sources */ = {isa = PBXBuildFile; fileRef = BBD264522432E7FF00DF8987 /* CalculatedRecipe.swift */; };
		BBD264552432E82300DF8987 /* Instruction.swift in Sources */ = {isa = PBXBuildFile; fileRef = BBD264542432E82300DF8987 /* Instruction.swift */; };
		BBD264572432E86400DF8987 /* Preferment.swift in Sources */ = {isa = PBXBuildFile; fileRef = BBD264562432E86400DF8987 /* Preferment.swift */; };
		BBD264592432E8A400DF8987 /* Recipe.swift in Sources */ = {isa = PBXBuildFile; fileRef = BBD264582432E8A400DF8987 /* Recipe.swift */; };
		BBD2645C2432E90700DF8987 /* RecipeConverter.swift in Sources */ = {isa = PBXBuildFile; fileRef = BBD2645B2432E90700DF8987 /* RecipeConverter.swift */; };
		BBD264602432EADA00DF8987 /* IngredientConverter.swift in Sources */ = {isa = PBXBuildFile; fileRef = BBD2645F2432EADA00DF8987 /* IngredientConverter.swift */; };
		BBD264622432EB4F00DF8987 /* InstructionConverter.swift in Sources */ = {isa = PBXBuildFile; fileRef = BBD264612432EB4F00DF8987 /* InstructionConverter.swift */; };
		BBD264642432EB5700DF8987 /* PrefermentConverter.swift in Sources */ = {isa = PBXBuildFile; fileRef = BBD264632432EB5700DF8987 /* PrefermentConverter.swift */; };
		BBD264662432EFA400DF8987 /* CalculatedIngredientConverter.swift in Sources */ = {isa = PBXBuildFile; fileRef = BBD264652432EFA400DF8987 /* CalculatedIngredientConverter.swift */; };
		BBD264682432F08200DF8987 /* CalculatedPrefermentConverter.swift in Sources */ = {isa = PBXBuildFile; fileRef = BBD264672432F08200DF8987 /* CalculatedPrefermentConverter.swift */; };
		BBD2646A2432F1E400DF8987 /* CalculatedRecipeConverter.swift in Sources */ = {isa = PBXBuildFile; fileRef = BBD264692432F1E400DF8987 /* CalculatedRecipeConverter.swift */; };
		BBD2646D24330E0800DF8987 /* DoughyNotifications.swift in Sources */ = {isa = PBXBuildFile; fileRef = BBD2646C24330E0800DF8987 /* DoughyNotifications.swift */; };
		BBE2FF3B2436F1820091A485 /* Temperature.swift in Sources */ = {isa = PBXBuildFile; fileRef = BBE2FF3A2436F1820091A485 /* Temperature.swift */; };
		BBE2FF3E2436F5380091A485 /* SettingsViewController.swift in Sources */ = {isa = PBXBuildFile; fileRef = BBE2FF3D2436F5380091A485 /* SettingsViewController.swift */; };
		BBE2FF402436FADB0091A485 /* TemperatureConverter.swift in Sources */ = {isa = PBXBuildFile; fileRef = BBE2FF3F2436FADB0091A485 /* TemperatureConverter.swift */; };
		BBE2FF42243709E30091A485 /* TitleRow.swift in Sources */ = {isa = PBXBuildFile; fileRef = BBE2FF41243709E30091A485 /* TitleRow.swift */; };
		BBE2FF4424370B920091A485 /* EmailFeedbackController.swift in Sources */ = {isa = PBXBuildFile; fileRef = BBE2FF4324370B920091A485 /* EmailFeedbackController.swift */; };
		BBE2FF4624370BF00091A485 /* TemperatureToggleFactory.swift in Sources */ = {isa = PBXBuildFile; fileRef = BBE2FF4524370BF00091A485 /* TemperatureToggleFactory.swift */; };
		BBE2FF4824370C780091A485 /* LibrariesViewController.swift in Sources */ = {isa = PBXBuildFile; fileRef = BBE2FF4724370C780091A485 /* LibrariesViewController.swift */; };
		BBE2FF4A2439497D0091A485 /* AppInfo.swift in Sources */ = {isa = PBXBuildFile; fileRef = BBE2FF492439497D0091A485 /* AppInfo.swift */; };
		BBEA0CA52434554C00A708C7 /* CalculatedRecipeWriter.swift in Sources */ = {isa = PBXBuildFile; fileRef = BBEA0CA42434554C00A708C7 /* CalculatedRecipeWriter.swift */; };
		BBEA0CA72434557300A708C7 /* CalculatedRecipeReader.swift in Sources */ = {isa = PBXBuildFile; fileRef = BBEA0CA62434557300A708C7 /* CalculatedRecipeReader.swift */; };
		BBEA0CAA2434576200A708C7 /* SavedRecipesTableViewController.swift in Sources */ = {isa = PBXBuildFile; fileRef = BBEA0CA92434576200A708C7 /* SavedRecipesTableViewController.swift */; };
		BBEA0CAC2434580D00A708C7 /* ShowCalculatedRecipeViewController.swift in Sources */ = {isa = PBXBuildFile; fileRef = BBEA0CAB2434580D00A708C7 /* ShowCalculatedRecipeViewController.swift */; };
		BBEA0CAE243458E100A708C7 /* InstructionListCell.xib in Resources */ = {isa = PBXBuildFile; fileRef = BBEA0CAD243458E100A708C7 /* InstructionListCell.xib */; };
		BBEA0CB024345A0800A708C7 /* IngredientWithPrefermentListCell.xib in Resources */ = {isa = PBXBuildFile; fileRef = BBEA0CAF24345A0800A708C7 /* IngredientWithPrefermentListCell.xib */; };
		BBEA0CB224345A4D00A708C7 /* IngredientListCell.xib in Resources */ = {isa = PBXBuildFile; fileRef = BBEA0CB124345A4D00A708C7 /* IngredientListCell.xib */; };
		BBEA0CB424345A6F00A708C7 /* PrefermentListCell.xib in Resources */ = {isa = PBXBuildFile; fileRef = BBEA0CB324345A6F00A708C7 /* PrefermentListCell.xib */; };
		BBEA0CBA24345D8A00A708C7 /* IngredientCell.xib in Resources */ = {isa = PBXBuildFile; fileRef = BBEA0CB924345D8A00A708C7 /* IngredientCell.xib */; };
		BBEA0CBC24345DA400A708C7 /* IngredientWithPrefermentCell.xib in Resources */ = {isa = PBXBuildFile; fileRef = BBEA0CBB24345DA400A708C7 /* IngredientWithPrefermentCell.xib */; };
		BBEA0CBE24345DBB00A708C7 /* PrefermentCell.xib in Resources */ = {isa = PBXBuildFile; fileRef = BBEA0CBD24345DBB00A708C7 /* PrefermentCell.xib */; };
/* End PBXBuildFile section */

/* Begin PBXContainerItemProxy section */
		BB30DEE62425B83F00BFD472 /* PBXContainerItemProxy */ = {
			isa = PBXContainerItemProxy;
			containerPortal = BB30DEC42425B83D00BFD472 /* Project object */;
			proxyType = 1;
			remoteGlobalIDString = BB30DECB2425B83D00BFD472;
			remoteInfo = "Recipe Helper";
		};
/* End PBXContainerItemProxy section */

/* Begin PBXFileReference section */
		1CCB99E947EAFEB2F90A6DEC /* Pods_Doughy_Tests.framework */ = {isa = PBXFileReference; explicitFileType = wrapper.framework; includeInIndex = 0; path = Pods_Doughy_Tests.framework; sourceTree = BUILT_PRODUCTS_DIR; };
		246BE6D0B6B9CF451884B530 /* Pods-Recipe Helper.release.xcconfig */ = {isa = PBXFileReference; includeInIndex = 1; lastKnownFileType = text.xcconfig; name = "Pods-Recipe Helper.release.xcconfig"; path = "Target Support Files/Pods-Recipe Helper/Pods-Recipe Helper.release.xcconfig"; sourceTree = "<group>"; };
		3783B7B70D78281B1D30EE29 /* Pods-Recipe Helper.debug.xcconfig */ = {isa = PBXFileReference; includeInIndex = 1; lastKnownFileType = text.xcconfig; name = "Pods-Recipe Helper.debug.xcconfig"; path = "Target Support Files/Pods-Recipe Helper/Pods-Recipe Helper.debug.xcconfig"; sourceTree = "<group>"; };
		44726C748A218985B2E3D581 /* Pods-Recipe HelperTests.debug.xcconfig */ = {isa = PBXFileReference; includeInIndex = 1; lastKnownFileType = text.xcconfig; name = "Pods-Recipe HelperTests.debug.xcconfig"; path = "Target Support Files/Pods-Recipe HelperTests/Pods-Recipe HelperTests.debug.xcconfig"; sourceTree = "<group>"; };
		6AB8C4EC3E1302B4C836AC25 /* Pods_Doughy.framework */ = {isa = PBXFileReference; explicitFileType = wrapper.framework; includeInIndex = 0; path = Pods_Doughy.framework; sourceTree = BUILT_PRODUCTS_DIR; };
		7B2520F7B982408CF53CFE60 /* Pods-Doughy Tests.release.xcconfig */ = {isa = PBXFileReference; includeInIndex = 1; lastKnownFileType = text.xcconfig; name = "Pods-Doughy Tests.release.xcconfig"; path = "Target Support Files/Pods-Doughy Tests/Pods-Doughy Tests.release.xcconfig"; sourceTree = "<group>"; };
		8EC38689D6DFFD8ABED233C7 /* Pods-Doughy Tests.debug.xcconfig */ = {isa = PBXFileReference; includeInIndex = 1; lastKnownFileType = text.xcconfig; name = "Pods-Doughy Tests.debug.xcconfig"; path = "Target Support Files/Pods-Doughy Tests/Pods-Doughy Tests.debug.xcconfig"; sourceTree = "<group>"; };
		BA065991B61286A560FBA49B /* Pods-Doughy.release.xcconfig */ = {isa = PBXFileReference; includeInIndex = 1; lastKnownFileType = text.xcconfig; name = "Pods-Doughy.release.xcconfig"; path = "Target Support Files/Pods-Doughy/Pods-Doughy.release.xcconfig"; sourceTree = "<group>"; };
		BB06F1722425F5F0001A03AD /* ObjectFactory.swift */ = {isa = PBXFileReference; lastKnownFileType = sourcecode.swift; path = ObjectFactory.swift; sourceTree = "<group>"; };
		BB06F1742425F681001A03AD /* CoreDataGateway.swift */ = {isa = PBXFileReference; lastKnownFileType = sourcecode.swift; path = CoreDataGateway.swift; sourceTree = "<group>"; };
		BB06F1762425FAE6001A03AD /* RecipeReader.swift */ = {isa = PBXFileReference; lastKnownFileType = sourcecode.swift; path = RecipeReader.swift; sourceTree = "<group>"; };
		BB30DECC2425B83D00BFD472 /* Doughy.app */ = {isa = PBXFileReference; explicitFileType = wrapper.application; includeInIndex = 0; path = Doughy.app; sourceTree = BUILT_PRODUCTS_DIR; };
		BB30DECF2425B83E00BFD472 /* AppDelegate.swift */ = {isa = PBXFileReference; lastKnownFileType = sourcecode.swift; path = AppDelegate.swift; sourceTree = "<group>"; };
		BB30DED12425B83E00BFD472 /* SceneDelegate.swift */ = {isa = PBXFileReference; lastKnownFileType = sourcecode.swift; path = SceneDelegate.swift; sourceTree = "<group>"; };
		BB30DED32425B83E00BFD472 /* CalculatorViewController.swift */ = {isa = PBXFileReference; lastKnownFileType = sourcecode.swift; path = CalculatorViewController.swift; sourceTree = "<group>"; };
		BB30DED62425B83E00BFD472 /* Base */ = {isa = PBXFileReference; lastKnownFileType = file.storyboard; name = Base; path = Base.lproj/Main.storyboard; sourceTree = "<group>"; };
		BB30DED92425B83E00BFD472 /* Recipe_Helper.xcdatamodel */ = {isa = PBXFileReference; lastKnownFileType = wrapper.xcdatamodel; path = Recipe_Helper.xcdatamodel; sourceTree = "<group>"; };
		BB30DEDB2425B83F00BFD472 /* Assets.xcassets */ = {isa = PBXFileReference; lastKnownFileType = folder.assetcatalog; path = Assets.xcassets; sourceTree = "<group>"; };
		BB30DEDE2425B83F00BFD472 /* Base */ = {isa = PBXFileReference; lastKnownFileType = file.storyboard; name = Base; path = Base.lproj/LaunchScreen.storyboard; sourceTree = "<group>"; };
		BB30DEE02425B83F00BFD472 /* Info.plist */ = {isa = PBXFileReference; lastKnownFileType = text.plist.xml; path = Info.plist; sourceTree = "<group>"; };
		BB30DEE52425B83F00BFD472 /* Doughy Tests.xctest */ = {isa = PBXFileReference; explicitFileType = wrapper.cfbundle; includeInIndex = 0; path = "Doughy Tests.xctest"; sourceTree = BUILT_PRODUCTS_DIR; };
		BB30DEE92425B83F00BFD472 /* Recipe_HelperTests.swift */ = {isa = PBXFileReference; lastKnownFileType = sourcecode.swift; path = Recipe_HelperTests.swift; sourceTree = "<group>"; };
		BB30DEEB2425B83F00BFD472 /* Info.plist */ = {isa = PBXFileReference; lastKnownFileType = text.plist.xml; path = Info.plist; sourceTree = "<group>"; };
		BB30DEF62425BD2900BFD472 /* RecipeWriter.swift */ = {isa = PBXFileReference; lastKnownFileType = sourcecode.swift; path = RecipeWriter.swift; sourceTree = "<group>"; };
		BB30DEF92425C05B00BFD472 /* PercentRow.swift */ = {isa = PBXFileReference; lastKnownFileType = sourcecode.swift; path = PercentRow.swift; sourceTree = "<group>"; };
		BB30DEFC2425D24900BFD472 /* Calculator.swift */ = {isa = PBXFileReference; lastKnownFileType = sourcecode.swift; path = Calculator.swift; sourceTree = "<group>"; };
		BB30DEFE2425E1B700BFD472 /* Measurements.swift */ = {isa = PBXFileReference; lastKnownFileType = sourcecode.swift; path = Measurements.swift; sourceTree = "<group>"; };
		BB30DF002425EBA000BFD472 /* AllRecipesTableViewController.swift */ = {isa = PBXFileReference; lastKnownFileType = sourcecode.swift; path = AllRecipesTableViewController.swift; sourceTree = "<group>"; };
		BB30DF032425EBE900BFD472 /* RecipeDetailCell.swift */ = {isa = PBXFileReference; lastKnownFileType = sourcecode.swift; path = RecipeDetailCell.swift; sourceTree = "<group>"; };
		BB30DF052425EC0E00BFD472 /* RecipeViewModel.swift */ = {isa = PBXFileReference; lastKnownFileType = sourcecode.swift; path = RecipeViewModel.swift; sourceTree = "<group>"; };
		BB30DF082425EC3000BFD472 /* Settings.swift */ = {isa = PBXFileReference; lastKnownFileType = sourcecode.swift; path = Settings.swift; sourceTree = "<group>"; };
		BB30DF0A2425ECFB00BFD472 /* RecipeCollection.swift */ = {isa = PBXFileReference; lastKnownFileType = sourcecode.swift; path = RecipeCollection.swift; sourceTree = "<group>"; };
		BB45FCF0243444170077C3F8 /* AddInstructionsAltViewController.swift */ = {isa = PBXFileReference; lastKnownFileType = sourcecode.swift; path = AddInstructionsAltViewController.swift; sourceTree = "<group>"; };
		BB45FCF3243444940077C3F8 /* TextViewTableViewCell.swift */ = {isa = PBXFileReference; lastKnownFileType = sourcecode.swift; path = TextViewTableViewCell.swift; sourceTree = "<group>"; };
		BB4AA19D24275659002BB9A8 /* CalculatedRecipeCellFactory.swift */ = {isa = PBXFileReference; lastKnownFileType = sourcecode.swift; path = CalculatedRecipeCellFactory.swift; sourceTree = "<group>"; };
		BB4AA19F242821FB002BB9A8 /* InstructionListCell.swift */ = {isa = PBXFileReference; lastKnownFileType = sourcecode.swift; path = InstructionListCell.swift; sourceTree = "<group>"; };
		BB4AA1A124282A66002BB9A8 /* IngredientListCell.swift */ = {isa = PBXFileReference; lastKnownFileType = sourcecode.swift; path = IngredientListCell.swift; sourceTree = "<group>"; };
		BB6152112425FD06006CB854 /* DefaultRecipeFactory.swift */ = {isa = PBXFileReference; lastKnownFileType = sourcecode.swift; path = DefaultRecipeFactory.swift; sourceTree = "<group>"; };
		BB61521324274B50006CB854 /* ShowCalculatedRecipeBaseViewController.swift */ = {isa = PBXFileReference; lastKnownFileType = sourcecode.swift; path = ShowCalculatedRecipeBaseViewController.swift; sourceTree = "<group>"; };
		BB70410424344C9500933C08 /* AddStepCell.swift */ = {isa = PBXFileReference; lastKnownFileType = sourcecode.swift; path = AddStepCell.swift; sourceTree = "<group>"; };
		BBC6847B24305A5000CE2157 /* PrefermentListCell.swift */ = {isa = PBXFileReference; lastKnownFileType = sourcecode.swift; path = PrefermentListCell.swift; sourceTree = "<group>"; };
		BBD2641924306F9200DF8987 /* PrefermentCell.swift */ = {isa = PBXFileReference; fileEncoding = 4; lastKnownFileType = sourcecode.swift; path = PrefermentCell.swift; sourceTree = "<group>"; };
		BBD2641B2430704000DF8987 /* IngredientCell.swift */ = {isa = PBXFileReference; fileEncoding = 4; lastKnownFileType = sourcecode.swift; path = IngredientCell.swift; sourceTree = "<group>"; };
		BBD2641D2430820E00DF8987 /* IngredientWithPrefermentListCell.swift */ = {isa = PBXFileReference; lastKnownFileType = sourcecode.swift; path = IngredientWithPrefermentListCell.swift; sourceTree = "<group>"; };
		BBD2641F2430822D00DF8987 /* IngredientWithPrefermentCellTableViewCell.swift */ = {isa = PBXFileReference; lastKnownFileType = sourcecode.swift; path = IngredientWithPrefermentCellTableViewCell.swift; sourceTree = "<group>"; };
		BBD264212431241500DF8987 /* PercentFormatter.swift */ = {isa = PBXFileReference; lastKnownFileType = sourcecode.swift; path = PercentFormatter.swift; sourceTree = "<group>"; };
		BBD2642324312FDD00DF8987 /* WeightFormatter.swift */ = {isa = PBXFileReference; lastKnownFileType = sourcecode.swift; path = WeightFormatter.swift; sourceTree = "<group>"; };
		BBD26425243139C600DF8987 /* WeightRow.swift */ = {isa = PBXFileReference; lastKnownFileType = sourcecode.swift; path = WeightRow.swift; sourceTree = "<group>"; };
		BBD2642724313A9E00DF8987 /* TemperatureRow.swift */ = {isa = PBXFileReference; lastKnownFileType = sourcecode.swift; path = TemperatureRow.swift; sourceTree = "<group>"; };
		BBD2642924313B6E00DF8987 /* TemperatureFormatter.swift */ = {isa = PBXFileReference; lastKnownFileType = sourcecode.swift; path = TemperatureFormatter.swift; sourceTree = "<group>"; };
		BBD2642C2431487700DF8987 /* CreateRecipeViewController.swift */ = {isa = PBXFileReference; lastKnownFileType = sourcecode.swift; path = CreateRecipeViewController.swift; sourceTree = "<group>"; };
		BBD2642E24314CBE00DF8987 /* RecipeBuilder.swift */ = {isa = PBXFileReference; lastKnownFileType = sourcecode.swift; path = RecipeBuilder.swift; sourceTree = "<group>"; };
		BBD2643024314CD500DF8987 /* CreateRecipeNavigationController.swift */ = {isa = PBXFileReference; lastKnownFileType = sourcecode.swift; path = CreateRecipeNavigationController.swift; sourceTree = "<group>"; };
		BBD2643224314D6500DF8987 /* AlertViewHelper.swift */ = {isa = PBXFileReference; lastKnownFileType = sourcecode.swift; path = AlertViewHelper.swift; sourceTree = "<group>"; };
		BBD264342431520500DF8987 /* RecipePredicates.swift */ = {isa = PBXFileReference; lastKnownFileType = sourcecode.swift; path = RecipePredicates.swift; sourceTree = "<group>"; };
		BBD264362431536000DF8987 /* AddFlourViewController.swift */ = {isa = PBXFileReference; lastKnownFileType = sourcecode.swift; path = AddFlourViewController.swift; sourceTree = "<group>"; };
		BBD264382431536D00DF8987 /* AddNonFlourViewController.swift */ = {isa = PBXFileReference; lastKnownFileType = sourcecode.swift; path = AddNonFlourViewController.swift; sourceTree = "<group>"; };
		BBD2643A2431574200DF8987 /* IngredientsBuilder.swift */ = {isa = PBXFileReference; lastKnownFileType = sourcecode.swift; path = IngredientsBuilder.swift; sourceTree = "<group>"; };
		BBD2643C24315E2900DF8987 /* AddIngredientViewController.swift */ = {isa = PBXFileReference; lastKnownFileType = sourcecode.swift; path = AddIngredientViewController.swift; sourceTree = "<group>"; };
		BBD2643E2431619D00DF8987 /* AddInstructionsViewController.swift */ = {isa = PBXFileReference; lastKnownFileType = sourcecode.swift; path = AddInstructionsViewController.swift; sourceTree = "<group>"; };
		BBD264422431815600DF8987 /* PreviewRecipeViewController.swift */ = {isa = PBXFileReference; lastKnownFileType = sourcecode.swift; path = PreviewRecipeViewController.swift; sourceTree = "<group>"; };
		BBD2644C2432E70500DF8987 /* CalculatedIngredient.swift */ = {isa = PBXFileReference; fileEncoding = 4; lastKnownFileType = sourcecode.swift; path = CalculatedIngredient.swift; sourceTree = "<group>"; };
		BBD2644D2432E70500DF8987 /* Ingredient.swift */ = {isa = PBXFileReference; fileEncoding = 4; lastKnownFileType = sourcecode.swift; path = Ingredient.swift; sourceTree = "<group>"; };
		BBD264502432E7A200DF8987 /* CalculatedPreferment.swift */ = {isa = PBXFileReference; lastKnownFileType = sourcecode.swift; path = CalculatedPreferment.swift; sourceTree = "<group>"; };
		BBD264522432E7FF00DF8987 /* CalculatedRecipe.swift */ = {isa = PBXFileReference; lastKnownFileType = sourcecode.swift; path = CalculatedRecipe.swift; sourceTree = "<group>"; };
		BBD264542432E82300DF8987 /* Instruction.swift */ = {isa = PBXFileReference; lastKnownFileType = sourcecode.swift; path = Instruction.swift; sourceTree = "<group>"; };
		BBD264562432E86400DF8987 /* Preferment.swift */ = {isa = PBXFileReference; lastKnownFileType = sourcecode.swift; path = Preferment.swift; sourceTree = "<group>"; };
		BBD264582432E8A400DF8987 /* Recipe.swift */ = {isa = PBXFileReference; lastKnownFileType = sourcecode.swift; path = Recipe.swift; sourceTree = "<group>"; };
		BBD2645B2432E90700DF8987 /* RecipeConverter.swift */ = {isa = PBXFileReference; lastKnownFileType = sourcecode.swift; path = RecipeConverter.swift; sourceTree = "<group>"; };
		BBD2645F2432EADA00DF8987 /* IngredientConverter.swift */ = {isa = PBXFileReference; lastKnownFileType = sourcecode.swift; path = IngredientConverter.swift; sourceTree = "<group>"; };
		BBD264612432EB4F00DF8987 /* InstructionConverter.swift */ = {isa = PBXFileReference; lastKnownFileType = sourcecode.swift; path = InstructionConverter.swift; sourceTree = "<group>"; };
		BBD264632432EB5700DF8987 /* PrefermentConverter.swift */ = {isa = PBXFileReference; lastKnownFileType = sourcecode.swift; path = PrefermentConverter.swift; sourceTree = "<group>"; };
		BBD264652432EFA400DF8987 /* CalculatedIngredientConverter.swift */ = {isa = PBXFileReference; lastKnownFileType = sourcecode.swift; path = CalculatedIngredientConverter.swift; sourceTree = "<group>"; };
		BBD264672432F08200DF8987 /* CalculatedPrefermentConverter.swift */ = {isa = PBXFileReference; lastKnownFileType = sourcecode.swift; path = CalculatedPrefermentConverter.swift; sourceTree = "<group>"; };
		BBD264692432F1E400DF8987 /* CalculatedRecipeConverter.swift */ = {isa = PBXFileReference; lastKnownFileType = sourcecode.swift; path = CalculatedRecipeConverter.swift; sourceTree = "<group>"; };
		BBD2646C24330E0800DF8987 /* DoughyNotifications.swift */ = {isa = PBXFileReference; lastKnownFileType = sourcecode.swift; path = DoughyNotifications.swift; sourceTree = "<group>"; };
		BBE2FF3A2436F1820091A485 /* Temperature.swift */ = {isa = PBXFileReference; lastKnownFileType = sourcecode.swift; path = Temperature.swift; sourceTree = "<group>"; };
		BBE2FF3D2436F5380091A485 /* SettingsViewController.swift */ = {isa = PBXFileReference; lastKnownFileType = sourcecode.swift; path = SettingsViewController.swift; sourceTree = "<group>"; };
		BBE2FF3F2436FADB0091A485 /* TemperatureConverter.swift */ = {isa = PBXFileReference; lastKnownFileType = sourcecode.swift; path = TemperatureConverter.swift; sourceTree = "<group>"; };
		BBE2FF41243709E30091A485 /* TitleRow.swift */ = {isa = PBXFileReference; lastKnownFileType = sourcecode.swift; path = TitleRow.swift; sourceTree = "<group>"; };
		BBE2FF4324370B920091A485 /* EmailFeedbackController.swift */ = {isa = PBXFileReference; lastKnownFileType = sourcecode.swift; path = EmailFeedbackController.swift; sourceTree = "<group>"; };
		BBE2FF4524370BF00091A485 /* TemperatureToggleFactory.swift */ = {isa = PBXFileReference; lastKnownFileType = sourcecode.swift; path = TemperatureToggleFactory.swift; sourceTree = "<group>"; };
		BBE2FF4724370C780091A485 /* LibrariesViewController.swift */ = {isa = PBXFileReference; lastKnownFileType = sourcecode.swift; path = LibrariesViewController.swift; sourceTree = "<group>"; };
		BBE2FF492439497D0091A485 /* AppInfo.swift */ = {isa = PBXFileReference; lastKnownFileType = sourcecode.swift; path = AppInfo.swift; sourceTree = "<group>"; };
		BBEA0CA42434554C00A708C7 /* CalculatedRecipeWriter.swift */ = {isa = PBXFileReference; lastKnownFileType = sourcecode.swift; path = CalculatedRecipeWriter.swift; sourceTree = "<group>"; };
		BBEA0CA62434557300A708C7 /* CalculatedRecipeReader.swift */ = {isa = PBXFileReference; lastKnownFileType = sourcecode.swift; path = CalculatedRecipeReader.swift; sourceTree = "<group>"; };
		BBEA0CA92434576200A708C7 /* SavedRecipesTableViewController.swift */ = {isa = PBXFileReference; lastKnownFileType = sourcecode.swift; path = SavedRecipesTableViewController.swift; sourceTree = "<group>"; };
		BBEA0CAB2434580D00A708C7 /* ShowCalculatedRecipeViewController.swift */ = {isa = PBXFileReference; fileEncoding = 4; lastKnownFileType = sourcecode.swift; path = ShowCalculatedRecipeViewController.swift; sourceTree = "<group>"; };
		BBEA0CAD243458E100A708C7 /* InstructionListCell.xib */ = {isa = PBXFileReference; lastKnownFileType = file.xib; path = InstructionListCell.xib; sourceTree = "<group>"; };
		BBEA0CAF24345A0800A708C7 /* IngredientWithPrefermentListCell.xib */ = {isa = PBXFileReference; lastKnownFileType = file.xib; path = IngredientWithPrefermentListCell.xib; sourceTree = "<group>"; };
		BBEA0CB124345A4D00A708C7 /* IngredientListCell.xib */ = {isa = PBXFileReference; lastKnownFileType = file.xib; path = IngredientListCell.xib; sourceTree = "<group>"; };
		BBEA0CB324345A6F00A708C7 /* PrefermentListCell.xib */ = {isa = PBXFileReference; lastKnownFileType = file.xib; path = PrefermentListCell.xib; sourceTree = "<group>"; };
		BBEA0CB924345D8A00A708C7 /* IngredientCell.xib */ = {isa = PBXFileReference; lastKnownFileType = file.xib; path = IngredientCell.xib; sourceTree = "<group>"; };
		BBEA0CBB24345DA400A708C7 /* IngredientWithPrefermentCell.xib */ = {isa = PBXFileReference; lastKnownFileType = file.xib; path = IngredientWithPrefermentCell.xib; sourceTree = "<group>"; };
		BBEA0CBD24345DBB00A708C7 /* PrefermentCell.xib */ = {isa = PBXFileReference; lastKnownFileType = file.xib; path = PrefermentCell.xib; sourceTree = "<group>"; };
		EE5570DB89FC86B023456613 /* Pods-Recipe HelperTests.release.xcconfig */ = {isa = PBXFileReference; includeInIndex = 1; lastKnownFileType = text.xcconfig; name = "Pods-Recipe HelperTests.release.xcconfig"; path = "Target Support Files/Pods-Recipe HelperTests/Pods-Recipe HelperTests.release.xcconfig"; sourceTree = "<group>"; };
		F2CE067B34D508A070A10DF1 /* Pods-Doughy.debug.xcconfig */ = {isa = PBXFileReference; includeInIndex = 1; lastKnownFileType = text.xcconfig; name = "Pods-Doughy.debug.xcconfig"; path = "Target Support Files/Pods-Doughy/Pods-Doughy.debug.xcconfig"; sourceTree = "<group>"; };
/* End PBXFileReference section */

/* Begin PBXFrameworksBuildPhase section */
		BB30DEC92425B83D00BFD472 /* Frameworks */ = {
			isa = PBXFrameworksBuildPhase;
			buildActionMask = 2147483647;
			files = (
				988EE0764C624091724AD0C7 /* Pods_Doughy.framework in Frameworks */,
			);
			runOnlyForDeploymentPostprocessing = 0;
		};
		BB30DEE22425B83F00BFD472 /* Frameworks */ = {
			isa = PBXFrameworksBuildPhase;
			buildActionMask = 2147483647;
			files = (
				9811A656AB98C05E8645F0A3 /* Pods_Doughy_Tests.framework in Frameworks */,
			);
			runOnlyForDeploymentPostprocessing = 0;
		};
/* End PBXFrameworksBuildPhase section */

/* Begin PBXGroup section */
		27F3DE80123C4FE3EE2476AC /* Frameworks */ = {
			isa = PBXGroup;
			children = (
				6AB8C4EC3E1302B4C836AC25 /* Pods_Doughy.framework */,
				1CCB99E947EAFEB2F90A6DEC /* Pods_Doughy_Tests.framework */,
			);
			name = Frameworks;
			sourceTree = "<group>";
		};
		9485710AABFE6214653E2376 /* Pods */ = {
			isa = PBXGroup;
			children = (
				3783B7B70D78281B1D30EE29 /* Pods-Recipe Helper.debug.xcconfig */,
				246BE6D0B6B9CF451884B530 /* Pods-Recipe Helper.release.xcconfig */,
				44726C748A218985B2E3D581 /* Pods-Recipe HelperTests.debug.xcconfig */,
				EE5570DB89FC86B023456613 /* Pods-Recipe HelperTests.release.xcconfig */,
				F2CE067B34D508A070A10DF1 /* Pods-Doughy.debug.xcconfig */,
				BA065991B61286A560FBA49B /* Pods-Doughy.release.xcconfig */,
				8EC38689D6DFFD8ABED233C7 /* Pods-Doughy Tests.debug.xcconfig */,
				7B2520F7B982408CF53CFE60 /* Pods-Doughy Tests.release.xcconfig */,
			);
			path = Pods;
			sourceTree = "<group>";
		};
		BB30DEC32425B83D00BFD472 = {
			isa = PBXGroup;
			children = (
				BB30DECE2425B83D00BFD472 /* Doughy */,
				BB30DEE82425B83F00BFD472 /* Doughy Tests */,
				BB30DECD2425B83D00BFD472 /* Products */,
				9485710AABFE6214653E2376 /* Pods */,
				27F3DE80123C4FE3EE2476AC /* Frameworks */,
			);
			sourceTree = "<group>";
		};
		BB30DECD2425B83D00BFD472 /* Products */ = {
			isa = PBXGroup;
			children = (
				BB30DECC2425B83D00BFD472 /* Doughy.app */,
				BB30DEE52425B83F00BFD472 /* Doughy Tests.xctest */,
			);
			name = Products;
			sourceTree = "<group>";
		};
		BB30DECE2425B83D00BFD472 /* Doughy */ = {
			isa = PBXGroup;
			children = (
				BBD2646B24330DFC00DF8987 /* Notifications */,
				BB30DF022425EBCF00BFD472 /* Views */,
				BB30DEFB2425D23E00BFD472 /* Utilities */,
				BB30DEF82425C04D00BFD472 /* Custom Rows */,
				BB30DEF52425BD1300BFD472 /* Data Store */,
				BB30DEF42425BB5800BFD472 /* Model */,
				BB30DECF2425B83E00BFD472 /* AppDelegate.swift */,
				BB30DED12425B83E00BFD472 /* SceneDelegate.swift */,
				BB30DEDB2425B83F00BFD472 /* Assets.xcassets */,
				BB30DEDD2425B83F00BFD472 /* LaunchScreen.storyboard */,
				BB30DEE02425B83F00BFD472 /* Info.plist */,
			);
			path = Doughy;
			sourceTree = "<group>";
		};
		BB30DEE82425B83F00BFD472 /* Doughy Tests */ = {
			isa = PBXGroup;
			children = (
				BB30DEE92425B83F00BFD472 /* Recipe_HelperTests.swift */,
				BB30DEEB2425B83F00BFD472 /* Info.plist */,
			);
			path = "Doughy Tests";
			sourceTree = "<group>";
		};
		BB30DEF42425BB5800BFD472 /* Model */ = {
			isa = PBXGroup;
			children = (
				BBD2645A2432E8FD00DF8987 /* Converters */,
				BBD2644B2432E70500DF8987 /* Recipes */,
				BB30DEFE2425E1B700BFD472 /* Measurements.swift */,
				BBD2642E24314CBE00DF8987 /* RecipeBuilder.swift */,
				BBD2643A2431574200DF8987 /* IngredientsBuilder.swift */,
			);
			path = Model;
			sourceTree = "<group>";
		};
		BB30DEF52425BD1300BFD472 /* Data Store */ = {
			isa = PBXGroup;
			children = (
				BB30DED82425B83E00BFD472 /* Doughy.xcdatamodeld */,
				BB06F1762425FAE6001A03AD /* RecipeReader.swift */,
				BB30DEF62425BD2900BFD472 /* RecipeWriter.swift */,
				BB06F1722425F5F0001A03AD /* ObjectFactory.swift */,
				BB06F1742425F681001A03AD /* CoreDataGateway.swift */,
				BBEA0CA62434557300A708C7 /* CalculatedRecipeReader.swift */,
				BBEA0CA42434554C00A708C7 /* CalculatedRecipeWriter.swift */,
			);
			path = "Data Store";
			sourceTree = "<group>";
		};
		BB30DEF82425C04D00BFD472 /* Custom Rows */ = {
			isa = PBXGroup;
			children = (
				BB30DEF92425C05B00BFD472 /* PercentRow.swift */,
				BBD26425243139C600DF8987 /* WeightRow.swift */,
				BBD2642724313A9E00DF8987 /* TemperatureRow.swift */,
				BBE2FF41243709E30091A485 /* TitleRow.swift */,
			);
			path = "Custom Rows";
			sourceTree = "<group>";
		};
		BB30DEFB2425D23E00BFD472 /* Utilities */ = {
			isa = PBXGroup;
			children = (
				BB30DEFC2425D24900BFD472 /* Calculator.swift */,
				BB30DF082425EC3000BFD472 /* Settings.swift */,
				BB6152112425FD06006CB854 /* DefaultRecipeFactory.swift */,
				BBD264212431241500DF8987 /* PercentFormatter.swift */,
				BBD2642324312FDD00DF8987 /* WeightFormatter.swift */,
				BBD2642924313B6E00DF8987 /* TemperatureFormatter.swift */,
				BBD2643224314D6500DF8987 /* AlertViewHelper.swift */,
				BBD264342431520500DF8987 /* RecipePredicates.swift */,
				BBE2FF492439497D0091A485 /* AppInfo.swift */,
			);
			path = Utilities;
			sourceTree = "<group>";
		};
		BB30DF022425EBCF00BFD472 /* Views */ = {
			isa = PBXGroup;
			children = (
				BB30DED52425B83E00BFD472 /* Main.storyboard */,
				BB30DF072425EC1400BFD472 /* Master */,
				BB61521624274DC3006CB854 /* Calculate */,
				BBEA0CA82434574000A708C7 /* Saved Recipes */,
				BBD2642B2431484500DF8987 /* Create Recipe */,
				BBE2FF3C2436F5290091A485 /* Settings */,
			);
			path = Views;
			sourceTree = "<group>";
		};
		BB30DF072425EC1400BFD472 /* Master */ = {
			isa = PBXGroup;
			children = (
				BB30DF002425EBA000BFD472 /* AllRecipesTableViewController.swift */,
				BB30DF032425EBE900BFD472 /* RecipeDetailCell.swift */,
				BB30DF052425EC0E00BFD472 /* RecipeViewModel.swift */,
			);
			path = Master;
			sourceTree = "<group>";
		};
		BB45FCF2243444800077C3F8 /* Alt Instructions */ = {
			isa = PBXGroup;
			children = (
				BB45FCF0243444170077C3F8 /* AddInstructionsAltViewController.swift */,
				BB45FCF3243444940077C3F8 /* TextViewTableViewCell.swift */,
				BB70410424344C9500933C08 /* AddStepCell.swift */,
			);
			path = "Alt Instructions";
			sourceTree = "<group>";
		};
		BB61521524274DB2006CB854 /* Show Recipe */ = {
			isa = PBXGroup;
			children = (
				BB7041062434540400933C08 /* Cells */,
				BBEA0CAB2434580D00A708C7 /* ShowCalculatedRecipeViewController.swift */,
				BB61521324274B50006CB854 /* ShowCalculatedRecipeBaseViewController.swift */,
				BB4AA19D24275659002BB9A8 /* CalculatedRecipeCellFactory.swift */,
			);
			path = "Show Recipe";
			sourceTree = "<group>";
		};
		BB61521624274DC3006CB854 /* Calculate */ = {
			isa = PBXGroup;
			children = (
				BB30DED32425B83E00BFD472 /* CalculatorViewController.swift */,
				BB61521524274DB2006CB854 /* Show Recipe */,
			);
			path = Calculate;
			sourceTree = "<group>";
		};
		BB7041062434540400933C08 /* Cells */ = {
			isa = PBXGroup;
			children = (
				BBEA0CB824345B5200A708C7 /* Preferment Cell */,
				BBEA0CB724345B4600A708C7 /* Ingredients With Preferment Cell */,
				BBEA0CB624345B2700A708C7 /* Ingredients Cell */,
				BBEA0CB524345B1C00A708C7 /* Instruction Cell */,
			);
			path = Cells;
			sourceTree = "<group>";
		};
		BBD2642B2431484500DF8987 /* Create Recipe */ = {
			isa = PBXGroup;
			children = (
				BB45FCF2243444800077C3F8 /* Alt Instructions */,
				BBD2643024314CD500DF8987 /* CreateRecipeNavigationController.swift */,
				BBD2642C2431487700DF8987 /* CreateRecipeViewController.swift */,
				BBD2643C24315E2900DF8987 /* AddIngredientViewController.swift */,
				BBD264362431536000DF8987 /* AddFlourViewController.swift */,
				BBD264382431536D00DF8987 /* AddNonFlourViewController.swift */,
				BBD2643E2431619D00DF8987 /* AddInstructionsViewController.swift */,
				BBD264422431815600DF8987 /* PreviewRecipeViewController.swift */,
			);
			path = "Create Recipe";
			sourceTree = "<group>";
		};
		BBD2644B2432E70500DF8987 /* Recipes */ = {
			isa = PBXGroup;
			children = (
				BBD264542432E82300DF8987 /* Instruction.swift */,
				BBD2644D2432E70500DF8987 /* Ingredient.swift */,
				BBD264562432E86400DF8987 /* Preferment.swift */,
				BBD264582432E8A400DF8987 /* Recipe.swift */,
				BB30DF0A2425ECFB00BFD472 /* RecipeCollection.swift */,
				BBD2644C2432E70500DF8987 /* CalculatedIngredient.swift */,
				BBD264502432E7A200DF8987 /* CalculatedPreferment.swift */,
				BBD264522432E7FF00DF8987 /* CalculatedRecipe.swift */,
				BBE2FF3A2436F1820091A485 /* Temperature.swift */,
			);
			path = Recipes;
			sourceTree = "<group>";
		};
		BBD2645A2432E8FD00DF8987 /* Converters */ = {
			isa = PBXGroup;
			children = (
				BBD2645F2432EADA00DF8987 /* IngredientConverter.swift */,
				BBD264612432EB4F00DF8987 /* InstructionConverter.swift */,
				BBD264632432EB5700DF8987 /* PrefermentConverter.swift */,
				BBD2645B2432E90700DF8987 /* RecipeConverter.swift */,
				BBD264652432EFA400DF8987 /* CalculatedIngredientConverter.swift */,
				BBD264672432F08200DF8987 /* CalculatedPrefermentConverter.swift */,
				BBD264692432F1E400DF8987 /* CalculatedRecipeConverter.swift */,
				BBE2FF3F2436FADB0091A485 /* TemperatureConverter.swift */,
			);
			path = Converters;
			sourceTree = "<group>";
		};
		BBD2646B24330DFC00DF8987 /* Notifications */ = {
			isa = PBXGroup;
			children = (
				BBD2646C24330E0800DF8987 /* DoughyNotifications.swift */,
			);
			path = Notifications;
			sourceTree = "<group>";
		};
		BBE2FF3C2436F5290091A485 /* Settings */ = {
			isa = PBXGroup;
			children = (
				BBE2FF3D2436F5380091A485 /* SettingsViewController.swift */,
				BBE2FF4324370B920091A485 /* EmailFeedbackController.swift */,
				BBE2FF4524370BF00091A485 /* TemperatureToggleFactory.swift */,
				BBE2FF4724370C780091A485 /* LibrariesViewController.swift */,
			);
			path = Settings;
			sourceTree = "<group>";
		};
		BBEA0CA82434574000A708C7 /* Saved Recipes */ = {
			isa = PBXGroup;
			children = (
				BBEA0CA92434576200A708C7 /* SavedRecipesTableViewController.swift */,
			);
			path = "Saved Recipes";
			sourceTree = "<group>";
		};
		BBEA0CB524345B1C00A708C7 /* Instruction Cell */ = {
			isa = PBXGroup;
			children = (
				BBEA0CAD243458E100A708C7 /* InstructionListCell.xib */,
				BB4AA19F242821FB002BB9A8 /* InstructionListCell.swift */,
			);
			path = "Instruction Cell";
			sourceTree = "<group>";
		};
		BBEA0CB624345B2700A708C7 /* Ingredients Cell */ = {
			isa = PBXGroup;
			children = (
				BBEA0CB124345A4D00A708C7 /* IngredientListCell.xib */,
				BBEA0CB924345D8A00A708C7 /* IngredientCell.xib */,
				BB4AA1A124282A66002BB9A8 /* IngredientListCell.swift */,
				BBD2641B2430704000DF8987 /* IngredientCell.swift */,
			);
			path = "Ingredients Cell";
			sourceTree = "<group>";
		};
		BBEA0CB724345B4600A708C7 /* Ingredients With Preferment Cell */ = {
			isa = PBXGroup;
			children = (
				BBEA0CAF24345A0800A708C7 /* IngredientWithPrefermentListCell.xib */,
				BBEA0CBB24345DA400A708C7 /* IngredientWithPrefermentCell.xib */,
				BBD2641D2430820E00DF8987 /* IngredientWithPrefermentListCell.swift */,
				BBD2641F2430822D00DF8987 /* IngredientWithPrefermentCellTableViewCell.swift */,
			);
			path = "Ingredients With Preferment Cell";
			sourceTree = "<group>";
		};
		BBEA0CB824345B5200A708C7 /* Preferment Cell */ = {
			isa = PBXGroup;
			children = (
				BBEA0CB324345A6F00A708C7 /* PrefermentListCell.xib */,
				BBEA0CBD24345DBB00A708C7 /* PrefermentCell.xib */,
				BBC6847B24305A5000CE2157 /* PrefermentListCell.swift */,
				BBD2641924306F9200DF8987 /* PrefermentCell.swift */,
			);
			path = "Preferment Cell";
			sourceTree = "<group>";
		};
/* End PBXGroup section */

/* Begin PBXNativeTarget section */
		BB30DECB2425B83D00BFD472 /* Doughy */ = {
			isa = PBXNativeTarget;
			buildConfigurationList = BB30DEEE2425B83F00BFD472 /* Build configuration list for PBXNativeTarget "Doughy" */;
			buildPhases = (
				218AD85B504B659F8B567B92 /* [CP] Check Pods Manifest.lock */,
				BB30DEC82425B83D00BFD472 /* Sources */,
				BB30DEC92425B83D00BFD472 /* Frameworks */,
				BB30DECA2425B83D00BFD472 /* Resources */,
				4B5D081ED032B57DB2447AB9 /* [CP] Embed Pods Frameworks */,
			);
			buildRules = (
			);
			dependencies = (
			);
			name = Doughy;
			productName = "Recipe Helper";
			productReference = BB30DECC2425B83D00BFD472 /* Doughy.app */;
			productType = "com.apple.product-type.application";
		};
		BB30DEE42425B83F00BFD472 /* Doughy Tests */ = {
			isa = PBXNativeTarget;
			buildConfigurationList = BB30DEF12425B83F00BFD472 /* Build configuration list for PBXNativeTarget "Doughy Tests" */;
			buildPhases = (
				B9BDDAF52004121055C61AAB /* [CP] Check Pods Manifest.lock */,
				BB30DEE12425B83F00BFD472 /* Sources */,
				BB30DEE22425B83F00BFD472 /* Frameworks */,
				BB30DEE32425B83F00BFD472 /* Resources */,
			);
			buildRules = (
			);
			dependencies = (
				BB30DEE72425B83F00BFD472 /* PBXTargetDependency */,
			);
			name = "Doughy Tests";
			productName = "Recipe HelperTests";
			productReference = BB30DEE52425B83F00BFD472 /* Doughy Tests.xctest */;
			productType = "com.apple.product-type.bundle.unit-test";
		};
/* End PBXNativeTarget section */

/* Begin PBXProject section */
		BB30DEC42425B83D00BFD472 /* Project object */ = {
			isa = PBXProject;
			attributes = {
				LastSwiftUpdateCheck = 1130;
				LastUpgradeCheck = 1130;
				ORGANIZATIONNAME = "George Urick";
				TargetAttributes = {
					BB30DECB2425B83D00BFD472 = {
						CreatedOnToolsVersion = 11.3.1;
					};
					BB30DEE42425B83F00BFD472 = {
						CreatedOnToolsVersion = 11.3.1;
						TestTargetID = BB30DECB2425B83D00BFD472;
					};
				};
			};
			buildConfigurationList = BB30DEC72425B83D00BFD472 /* Build configuration list for PBXProject "Doughy" */;
			compatibilityVersion = "Xcode 9.3";
			developmentRegion = en;
			hasScannedForEncodings = 0;
			knownRegions = (
				en,
				Base,
			);
			mainGroup = BB30DEC32425B83D00BFD472;
			productRefGroup = BB30DECD2425B83D00BFD472 /* Products */;
			projectDirPath = "";
			projectRoot = "";
			targets = (
				BB30DECB2425B83D00BFD472 /* Doughy */,
				BB30DEE42425B83F00BFD472 /* Doughy Tests */,
			);
		};
/* End PBXProject section */

/* Begin PBXResourcesBuildPhase section */
		BB30DECA2425B83D00BFD472 /* Resources */ = {
			isa = PBXResourcesBuildPhase;
			buildActionMask = 2147483647;
			files = (
				BB30DEDF2425B83F00BFD472 /* LaunchScreen.storyboard in Resources */,
				BB30DEDC2425B83F00BFD472 /* Assets.xcassets in Resources */,
				BBEA0CB224345A4D00A708C7 /* IngredientListCell.xib in Resources */,
				BBEA0CBE24345DBB00A708C7 /* PrefermentCell.xib in Resources */,
				BBEA0CB424345A6F00A708C7 /* PrefermentListCell.xib in Resources */,
				BBEA0CBC24345DA400A708C7 /* IngredientWithPrefermentCell.xib in Resources */,
				BBEA0CBA24345D8A00A708C7 /* IngredientCell.xib in Resources */,
				BBEA0CB024345A0800A708C7 /* IngredientWithPrefermentListCell.xib in Resources */,
				BBEA0CAE243458E100A708C7 /* InstructionListCell.xib in Resources */,
				BB30DED72425B83E00BFD472 /* Main.storyboard in Resources */,
			);
			runOnlyForDeploymentPostprocessing = 0;
		};
		BB30DEE32425B83F00BFD472 /* Resources */ = {
			isa = PBXResourcesBuildPhase;
			buildActionMask = 2147483647;
			files = (
			);
			runOnlyForDeploymentPostprocessing = 0;
		};
/* End PBXResourcesBuildPhase section */

/* Begin PBXShellScriptBuildPhase section */
		218AD85B504B659F8B567B92 /* [CP] Check Pods Manifest.lock */ = {
			isa = PBXShellScriptBuildPhase;
			buildActionMask = 2147483647;
			files = (
			);
			inputFileListPaths = (
			);
			inputPaths = (
				"${PODS_PODFILE_DIR_PATH}/Podfile.lock",
				"${PODS_ROOT}/Manifest.lock",
			);
			name = "[CP] Check Pods Manifest.lock";
			outputFileListPaths = (
			);
			outputPaths = (
				"$(DERIVED_FILE_DIR)/Pods-Doughy-checkManifestLockResult.txt",
			);
			runOnlyForDeploymentPostprocessing = 0;
			shellPath = /bin/sh;
			shellScript = "diff \"${PODS_PODFILE_DIR_PATH}/Podfile.lock\" \"${PODS_ROOT}/Manifest.lock\" > /dev/null\nif [ $? != 0 ] ; then\n    # print error to STDERR\n    echo \"error: The sandbox is not in sync with the Podfile.lock. Run 'pod install' or update your CocoaPods installation.\" >&2\n    exit 1\nfi\n# This output is used by Xcode 'outputs' to avoid re-running this script phase.\necho \"SUCCESS\" > \"${SCRIPT_OUTPUT_FILE_0}\"\n";
			showEnvVarsInLog = 0;
		};
		4B5D081ED032B57DB2447AB9 /* [CP] Embed Pods Frameworks */ = {
			isa = PBXShellScriptBuildPhase;
			buildActionMask = 2147483647;
			files = (
			);
			inputFileListPaths = (
				"${PODS_ROOT}/Target Support Files/Pods-Doughy/Pods-Doughy-frameworks-${CONFIGURATION}-input-files.xcfilelist",
			);
			name = "[CP] Embed Pods Frameworks";
			outputFileListPaths = (
				"${PODS_ROOT}/Target Support Files/Pods-Doughy/Pods-Doughy-frameworks-${CONFIGURATION}-output-files.xcfilelist",
			);
			runOnlyForDeploymentPostprocessing = 0;
			shellPath = /bin/sh;
			shellScript = "\"${PODS_ROOT}/Target Support Files/Pods-Doughy/Pods-Doughy-frameworks.sh\"\n";
			showEnvVarsInLog = 0;
		};
		B9BDDAF52004121055C61AAB /* [CP] Check Pods Manifest.lock */ = {
			isa = PBXShellScriptBuildPhase;
			buildActionMask = 2147483647;
			files = (
			);
			inputFileListPaths = (
			);
			inputPaths = (
				"${PODS_PODFILE_DIR_PATH}/Podfile.lock",
				"${PODS_ROOT}/Manifest.lock",
			);
			name = "[CP] Check Pods Manifest.lock";
			outputFileListPaths = (
			);
			outputPaths = (
				"$(DERIVED_FILE_DIR)/Pods-Doughy Tests-checkManifestLockResult.txt",
			);
			runOnlyForDeploymentPostprocessing = 0;
			shellPath = /bin/sh;
			shellScript = "diff \"${PODS_PODFILE_DIR_PATH}/Podfile.lock\" \"${PODS_ROOT}/Manifest.lock\" > /dev/null\nif [ $? != 0 ] ; then\n    # print error to STDERR\n    echo \"error: The sandbox is not in sync with the Podfile.lock. Run 'pod install' or update your CocoaPods installation.\" >&2\n    exit 1\nfi\n# This output is used by Xcode 'outputs' to avoid re-running this script phase.\necho \"SUCCESS\" > \"${SCRIPT_OUTPUT_FILE_0}\"\n";
			showEnvVarsInLog = 0;
		};
/* End PBXShellScriptBuildPhase section */

/* Begin PBXSourcesBuildPhase section */
		BB30DEC82425B83D00BFD472 /* Sources */ = {
			isa = PBXSourcesBuildPhase;
			buildActionMask = 2147483647;
			files = (
				BBD2641E2430820E00DF8987 /* IngredientWithPrefermentListCell.swift in Sources */,
				BBD264352431520500DF8987 /* RecipePredicates.swift in Sources */,
				BB30DED42425B83E00BFD472 /* CalculatorViewController.swift in Sources */,
				BBD264572432E86400DF8987 /* Preferment.swift in Sources */,
				BBC6847C24305A5000CE2157 /* PrefermentListCell.swift in Sources */,
				BB30DEDA2425B83E00BFD472 /* Doughy.xcdatamodeld in Sources */,
				BBD2641A24306F9300DF8987 /* PrefermentCell.swift in Sources */,
				BBD264602432EADA00DF8987 /* IngredientConverter.swift in Sources */,
				BB30DF012425EBA000BFD472 /* AllRecipesTableViewController.swift in Sources */,
				BB6152122425FD06006CB854 /* DefaultRecipeFactory.swift in Sources */,
				BBE2FF4824370C780091A485 /* LibrariesViewController.swift in Sources */,
				BBD264682432F08200DF8987 /* CalculatedPrefermentConverter.swift in Sources */,
				BB30DEFD2425D24900BFD472 /* Calculator.swift in Sources */,
				BBD264202430822D00DF8987 /* IngredientWithPrefermentCellTableViewCell.swift in Sources */,
				BB30DEFA2425C05B00BFD472 /* PercentRow.swift in Sources */,
				BB4AA1A0242821FB002BB9A8 /* InstructionListCell.swift in Sources */,
				BBE2FF42243709E30091A485 /* TitleRow.swift in Sources */,
				BB30DEFF2425E1B700BFD472 /* Measurements.swift in Sources */,
				BBD2643F2431619D00DF8987 /* AddInstructionsViewController.swift in Sources */,
				BBD2642D2431487700DF8987 /* CreateRecipeViewController.swift in Sources */,
				BBD264532432E7FF00DF8987 /* CalculatedRecipe.swift in Sources */,
				BB61521424274B50006CB854 /* ShowCalculatedRecipeBaseViewController.swift in Sources */,
				BBEA0CA72434557300A708C7 /* CalculatedRecipeReader.swift in Sources */,
				BB30DF092425EC3000BFD472 /* Settings.swift in Sources */,
				BB4AA19E24275659002BB9A8 /* CalculatedRecipeCellFactory.swift in Sources */,
				BBD264512432E7A200DF8987 /* CalculatedPreferment.swift in Sources */,
				BBE2FF402436FADB0091A485 /* TemperatureConverter.swift in Sources */,
				BBD26426243139C600DF8987 /* WeightRow.swift in Sources */,
				BB06F1752425F681001A03AD /* CoreDataGateway.swift in Sources */,
				BB45FCF1243444170077C3F8 /* AddInstructionsAltViewController.swift in Sources */,
				BBD264592432E8A400DF8987 /* Recipe.swift in Sources */,
				BBD2642424312FDD00DF8987 /* WeightFormatter.swift in Sources */,
				BB06F1772425FAE6001A03AD /* RecipeReader.swift in Sources */,
				BB70410524344C9500933C08 /* AddStepCell.swift in Sources */,
				BBEA0CA52434554C00A708C7 /* CalculatedRecipeWriter.swift in Sources */,
				BB30DF042425EBE900BFD472 /* RecipeDetailCell.swift in Sources */,
				BB4AA1A224282A66002BB9A8 /* IngredientListCell.swift in Sources */,
				BB30DF062425EC0E00BFD472 /* RecipeViewModel.swift in Sources */,
				BBE2FF3E2436F5380091A485 /* SettingsViewController.swift in Sources */,
				BBD2644E2432E70500DF8987 /* CalculatedIngredient.swift in Sources */,
				BBD264222431241500DF8987 /* PercentFormatter.swift in Sources */,
				BBD264392431536D00DF8987 /* AddNonFlourViewController.swift in Sources */,
				BB45FCF4243444940077C3F8 /* TextViewTableViewCell.swift in Sources */,
				BBEA0CAA2434576200A708C7 /* SavedRecipesTableViewController.swift in Sources */,
				BB06F1732425F5F0001A03AD /* ObjectFactory.swift in Sources */,
				BB30DF0B2425ECFB00BFD472 /* RecipeCollection.swift in Sources */,
				BBD264552432E82300DF8987 /* Instruction.swift in Sources */,
				BBD2642F24314CBE00DF8987 /* RecipeBuilder.swift in Sources */,
				BBD264662432EFA400DF8987 /* CalculatedIngredientConverter.swift in Sources */,
				BBEA0CAC2434580D00A708C7 /* ShowCalculatedRecipeViewController.swift in Sources */,
				BBD2646D24330E0800DF8987 /* DoughyNotifications.swift in Sources */,
				BBD2645C2432E90700DF8987 /* RecipeConverter.swift in Sources */,
				BBE2FF3B2436F1820091A485 /* Temperature.swift in Sources */,
				BBE2FF4A2439497D0091A485 /* AppInfo.swift in Sources */,
				BBD264642432EB5700DF8987 /* PrefermentConverter.swift in Sources */,
				BBD2641C2430704000DF8987 /* IngredientCell.swift in Sources */,
				BBD264622432EB4F00DF8987 /* InstructionConverter.swift in Sources */,
				BBD2644F2432E70500DF8987 /* Ingredient.swift in Sources */,
				BBD2642A24313B6E00DF8987 /* TemperatureFormatter.swift in Sources */,
				BBD2643D24315E2900DF8987 /* AddIngredientViewController.swift in Sources */,
				BBD264432431815600DF8987 /* PreviewRecipeViewController.swift in Sources */,
				BBD2643124314CD500DF8987 /* CreateRecipeNavigationController.swift in Sources */,
				BBD264372431536000DF8987 /* AddFlourViewController.swift in Sources */,
				BBD2643324314D6500DF8987 /* AlertViewHelper.swift in Sources */,
				BB30DED02425B83E00BFD472 /* AppDelegate.swift in Sources */,
				BBD2642824313A9E00DF8987 /* TemperatureRow.swift in Sources */,
				BBE2FF4424370B920091A485 /* EmailFeedbackController.swift in Sources */,
				BBD2646A2432F1E400DF8987 /* CalculatedRecipeConverter.swift in Sources */,
				BB30DED22425B83E00BFD472 /* SceneDelegate.swift in Sources */,
				BBE2FF4624370BF00091A485 /* TemperatureToggleFactory.swift in Sources */,
				BBD2643B2431574200DF8987 /* IngredientsBuilder.swift in Sources */,
				BB30DEF72425BD2900BFD472 /* RecipeWriter.swift in Sources */,
			);
			runOnlyForDeploymentPostprocessing = 0;
		};
		BB30DEE12425B83F00BFD472 /* Sources */ = {
			isa = PBXSourcesBuildPhase;
			buildActionMask = 2147483647;
			files = (
				BB30DEEA2425B83F00BFD472 /* Recipe_HelperTests.swift in Sources */,
			);
			runOnlyForDeploymentPostprocessing = 0;
		};
/* End PBXSourcesBuildPhase section */

/* Begin PBXTargetDependency section */
		BB30DEE72425B83F00BFD472 /* PBXTargetDependency */ = {
			isa = PBXTargetDependency;
			target = BB30DECB2425B83D00BFD472 /* Doughy */;
			targetProxy = BB30DEE62425B83F00BFD472 /* PBXContainerItemProxy */;
		};
/* End PBXTargetDependency section */

/* Begin PBXVariantGroup section */
		BB30DED52425B83E00BFD472 /* Main.storyboard */ = {
			isa = PBXVariantGroup;
			children = (
				BB30DED62425B83E00BFD472 /* Base */,
			);
			name = Main.storyboard;
			sourceTree = "<group>";
		};
		BB30DEDD2425B83F00BFD472 /* LaunchScreen.storyboard */ = {
			isa = PBXVariantGroup;
			children = (
				BB30DEDE2425B83F00BFD472 /* Base */,
			);
			name = LaunchScreen.storyboard;
			sourceTree = "<group>";
		};
/* End PBXVariantGroup section */

/* Begin XCBuildConfiguration section */
		BB30DEEC2425B83F00BFD472 /* Debug */ = {
			isa = XCBuildConfiguration;
			buildSettings = {
				ALWAYS_SEARCH_USER_PATHS = NO;
				CLANG_ANALYZER_NONNULL = YES;
				CLANG_ANALYZER_NUMBER_OBJECT_CONVERSION = YES_AGGRESSIVE;
				CLANG_CXX_LANGUAGE_STANDARD = "gnu++14";
				CLANG_CXX_LIBRARY = "libc++";
				CLANG_ENABLE_MODULES = YES;
				CLANG_ENABLE_OBJC_ARC = YES;
				CLANG_ENABLE_OBJC_WEAK = YES;
				CLANG_WARN_BLOCK_CAPTURE_AUTORELEASING = YES;
				CLANG_WARN_BOOL_CONVERSION = YES;
				CLANG_WARN_COMMA = YES;
				CLANG_WARN_CONSTANT_CONVERSION = YES;
				CLANG_WARN_DEPRECATED_OBJC_IMPLEMENTATIONS = YES;
				CLANG_WARN_DIRECT_OBJC_ISA_USAGE = YES_ERROR;
				CLANG_WARN_DOCUMENTATION_COMMENTS = YES;
				CLANG_WARN_EMPTY_BODY = YES;
				CLANG_WARN_ENUM_CONVERSION = YES;
				CLANG_WARN_INFINITE_RECURSION = YES;
				CLANG_WARN_INT_CONVERSION = YES;
				CLANG_WARN_NON_LITERAL_NULL_CONVERSION = YES;
				CLANG_WARN_OBJC_IMPLICIT_RETAIN_SELF = YES;
				CLANG_WARN_OBJC_LITERAL_CONVERSION = YES;
				CLANG_WARN_OBJC_ROOT_CLASS = YES_ERROR;
				CLANG_WARN_RANGE_LOOP_ANALYSIS = YES;
				CLANG_WARN_STRICT_PROTOTYPES = YES;
				CLANG_WARN_SUSPICIOUS_MOVE = YES;
				CLANG_WARN_UNGUARDED_AVAILABILITY = YES_AGGRESSIVE;
				CLANG_WARN_UNREACHABLE_CODE = YES;
				CLANG_WARN__DUPLICATE_METHOD_MATCH = YES;
				COPY_PHASE_STRIP = NO;
				DEBUG_INFORMATION_FORMAT = dwarf;
				ENABLE_STRICT_OBJC_MSGSEND = YES;
				ENABLE_TESTABILITY = YES;
				GCC_C_LANGUAGE_STANDARD = gnu11;
				GCC_DYNAMIC_NO_PIC = NO;
				GCC_NO_COMMON_BLOCKS = YES;
				GCC_OPTIMIZATION_LEVEL = 0;
				GCC_PREPROCESSOR_DEFINITIONS = (
					"DEBUG=1",
					"$(inherited)",
				);
				GCC_WARN_64_TO_32_BIT_CONVERSION = YES;
				GCC_WARN_ABOUT_RETURN_TYPE = YES_ERROR;
				GCC_WARN_UNDECLARED_SELECTOR = YES;
				GCC_WARN_UNINITIALIZED_AUTOS = YES_AGGRESSIVE;
				GCC_WARN_UNUSED_FUNCTION = YES;
				GCC_WARN_UNUSED_VARIABLE = YES;
				IPHONEOS_DEPLOYMENT_TARGET = 12.0;
				MTL_ENABLE_DEBUG_INFO = INCLUDE_SOURCE;
				MTL_FAST_MATH = YES;
				ONLY_ACTIVE_ARCH = YES;
				SDKROOT = iphoneos;
				SWIFT_ACTIVE_COMPILATION_CONDITIONS = DEBUG;
				SWIFT_OPTIMIZATION_LEVEL = "-Onone";
			};
			name = Debug;
		};
		BB30DEED2425B83F00BFD472 /* Release */ = {
			isa = XCBuildConfiguration;
			buildSettings = {
				ALWAYS_SEARCH_USER_PATHS = NO;
				CLANG_ANALYZER_NONNULL = YES;
				CLANG_ANALYZER_NUMBER_OBJECT_CONVERSION = YES_AGGRESSIVE;
				CLANG_CXX_LANGUAGE_STANDARD = "gnu++14";
				CLANG_CXX_LIBRARY = "libc++";
				CLANG_ENABLE_MODULES = YES;
				CLANG_ENABLE_OBJC_ARC = YES;
				CLANG_ENABLE_OBJC_WEAK = YES;
				CLANG_WARN_BLOCK_CAPTURE_AUTORELEASING = YES;
				CLANG_WARN_BOOL_CONVERSION = YES;
				CLANG_WARN_COMMA = YES;
				CLANG_WARN_CONSTANT_CONVERSION = YES;
				CLANG_WARN_DEPRECATED_OBJC_IMPLEMENTATIONS = YES;
				CLANG_WARN_DIRECT_OBJC_ISA_USAGE = YES_ERROR;
				CLANG_WARN_DOCUMENTATION_COMMENTS = YES;
				CLANG_WARN_EMPTY_BODY = YES;
				CLANG_WARN_ENUM_CONVERSION = YES;
				CLANG_WARN_INFINITE_RECURSION = YES;
				CLANG_WARN_INT_CONVERSION = YES;
				CLANG_WARN_NON_LITERAL_NULL_CONVERSION = YES;
				CLANG_WARN_OBJC_IMPLICIT_RETAIN_SELF = YES;
				CLANG_WARN_OBJC_LITERAL_CONVERSION = YES;
				CLANG_WARN_OBJC_ROOT_CLASS = YES_ERROR;
				CLANG_WARN_RANGE_LOOP_ANALYSIS = YES;
				CLANG_WARN_STRICT_PROTOTYPES = YES;
				CLANG_WARN_SUSPICIOUS_MOVE = YES;
				CLANG_WARN_UNGUARDED_AVAILABILITY = YES_AGGRESSIVE;
				CLANG_WARN_UNREACHABLE_CODE = YES;
				CLANG_WARN__DUPLICATE_METHOD_MATCH = YES;
				COPY_PHASE_STRIP = NO;
				DEBUG_INFORMATION_FORMAT = "dwarf-with-dsym";
				ENABLE_NS_ASSERTIONS = NO;
				ENABLE_STRICT_OBJC_MSGSEND = YES;
				GCC_C_LANGUAGE_STANDARD = gnu11;
				GCC_NO_COMMON_BLOCKS = YES;
				GCC_WARN_64_TO_32_BIT_CONVERSION = YES;
				GCC_WARN_ABOUT_RETURN_TYPE = YES_ERROR;
				GCC_WARN_UNDECLARED_SELECTOR = YES;
				GCC_WARN_UNINITIALIZED_AUTOS = YES_AGGRESSIVE;
				GCC_WARN_UNUSED_FUNCTION = YES;
				GCC_WARN_UNUSED_VARIABLE = YES;
				IPHONEOS_DEPLOYMENT_TARGET = 12.0;
				MTL_ENABLE_DEBUG_INFO = NO;
				MTL_FAST_MATH = YES;
				SDKROOT = iphoneos;
				SWIFT_COMPILATION_MODE = wholemodule;
				SWIFT_OPTIMIZATION_LEVEL = "-O";
				VALIDATE_PRODUCT = YES;
			};
			name = Release;
		};
		BB30DEEF2425B83F00BFD472 /* Debug */ = {
			isa = XCBuildConfiguration;
			baseConfigurationReference = F2CE067B34D508A070A10DF1 /* Pods-Doughy.debug.xcconfig */;
			buildSettings = {
				ASSETCATALOG_COMPILER_APPICON_NAME = AppIcon;
				CODE_SIGN_STYLE = Automatic;
				DEVELOPMENT_TEAM = 66KJD3WYAH;
				INFOPLIST_FILE = Doughy/Info.plist;
				LD_RUNPATH_SEARCH_PATHS = (
					"$(inherited)",
					"@executable_path/Frameworks",
				);
				PRODUCT_BUNDLE_IDENTIFIER = org.georgie.Doughy;
				PRODUCT_NAME = Doughy;
				SWIFT_VERSION = 5.0;
				TARGETED_DEVICE_FAMILY = "1,2";
			};
			name = Debug;
		};
		BB30DEF02425B83F00BFD472 /* Release */ = {
			isa = XCBuildConfiguration;
			baseConfigurationReference = BA065991B61286A560FBA49B /* Pods-Doughy.release.xcconfig */;
			buildSettings = {
				ASSETCATALOG_COMPILER_APPICON_NAME = AppIcon;
				CODE_SIGN_STYLE = Automatic;
				DEVELOPMENT_TEAM = 66KJD3WYAH;
				INFOPLIST_FILE = Doughy/Info.plist;
				LD_RUNPATH_SEARCH_PATHS = (
					"$(inherited)",
					"@executable_path/Frameworks",
				);
				PRODUCT_BUNDLE_IDENTIFIER = org.georgie.Doughy;
				PRODUCT_NAME = Doughy;
				SWIFT_VERSION = 5.0;
				TARGETED_DEVICE_FAMILY = "1,2";
			};
			name = Release;
		};
		BB30DEF22425B83F00BFD472 /* Debug */ = {
			isa = XCBuildConfiguration;
			baseConfigurationReference = 8EC38689D6DFFD8ABED233C7 /* Pods-Doughy Tests.debug.xcconfig */;
			buildSettings = {
				ALWAYS_EMBED_SWIFT_STANDARD_LIBRARIES = YES;
				BUNDLE_LOADER = "$(TEST_HOST)";
				CODE_SIGN_STYLE = Automatic;
				DEVELOPMENT_TEAM = 66KJD3WYAH;
				INFOPLIST_FILE = "Doughy Tests/Info.plist";
				IPHONEOS_DEPLOYMENT_TARGET = 13.2;
				LD_RUNPATH_SEARCH_PATHS = (
					"$(inherited)",
					"@executable_path/Frameworks",
					"@loader_path/Frameworks",
				);
				PRODUCT_BUNDLE_IDENTIFIER = "org.georgie.Doughy Tests";
				PRODUCT_NAME = "$(TARGET_NAME)";
				SWIFT_VERSION = 5.0;
				TARGETED_DEVICE_FAMILY = "1,2";
				TEST_HOST = "$(BUILT_PRODUCTS_DIR)/Doughy.app/Doughy";
			};
			name = Debug;
		};
		BB30DEF32425B83F00BFD472 /* Release */ = {
			isa = XCBuildConfiguration;
			baseConfigurationReference = 7B2520F7B982408CF53CFE60 /* Pods-Doughy Tests.release.xcconfig */;
			buildSettings = {
				ALWAYS_EMBED_SWIFT_STANDARD_LIBRARIES = YES;
				BUNDLE_LOADER = "$(TEST_HOST)";
				CODE_SIGN_STYLE = Automatic;
				DEVELOPMENT_TEAM = 66KJD3WYAH;
				INFOPLIST_FILE = "Doughy Tests/Info.plist";
				IPHONEOS_DEPLOYMENT_TARGET = 13.2;
				LD_RUNPATH_SEARCH_PATHS = (
					"$(inherited)",
					"@executable_path/Frameworks",
					"@loader_path/Frameworks",
				);
				PRODUCT_BUNDLE_IDENTIFIER = "org.georgie.Doughy Tests";
				PRODUCT_NAME = "$(TARGET_NAME)";
				SWIFT_VERSION = 5.0;
				TARGETED_DEVICE_FAMILY = "1,2";
				TEST_HOST = "$(BUILT_PRODUCTS_DIR)/Doughy.app/Doughy";
			};
			name = Release;
		};
/* End XCBuildConfiguration section */

/* Begin XCConfigurationList section */
		BB30DEC72425B83D00BFD472 /* Build configuration list for PBXProject "Doughy" */ = {
			isa = XCConfigurationList;
			buildConfigurations = (
				BB30DEEC2425B83F00BFD472 /* Debug */,
				BB30DEED2425B83F00BFD472 /* Release */,
			);
			defaultConfigurationIsVisible = 0;
			defaultConfigurationName = Release;
		};
		BB30DEEE2425B83F00BFD472 /* Build configuration list for PBXNativeTarget "Doughy" */ = {
			isa = XCConfigurationList;
			buildConfigurations = (
				BB30DEEF2425B83F00BFD472 /* Debug */,
				BB30DEF02425B83F00BFD472 /* Release */,
			);
			defaultConfigurationIsVisible = 0;
			defaultConfigurationName = Release;
		};
		BB30DEF12425B83F00BFD472 /* Build configuration list for PBXNativeTarget "Doughy Tests" */ = {
			isa = XCConfigurationList;
			buildConfigurations = (
				BB30DEF22425B83F00BFD472 /* Debug */,
				BB30DEF32425B83F00BFD472 /* Release */,
			);
			defaultConfigurationIsVisible = 0;
			defaultConfigurationName = Release;
		};
/* End XCConfigurationList section */

/* Begin XCVersionGroup section */
		BB30DED82425B83E00BFD472 /* Doughy.xcdatamodeld */ = {
			isa = XCVersionGroup;
			children = (
				BB30DED92425B83E00BFD472 /* Recipe_Helper.xcdatamodel */,
			);
			currentVersion = BB30DED92425B83E00BFD472 /* Recipe_Helper.xcdatamodel */;
			path = Doughy.xcdatamodeld;
			sourceTree = "<group>";
			versionGroupType = wrapper.xcdatamodel;
		};
/* End XCVersionGroup section */
	};
	rootObject = BB30DEC42425B83D00BFD472 /* Project object */;
}
